
Microsoft Visual Studio Solution File, Format Version 12.00
# Visual Studio Version 17
VisualStudioVersion = 17.3.32825.248
MinimumVisualStudioVersion = 10.0.40219.1
Project("{9A19103F-16F7-4668-BE54-9A1E7A4F7556}") = "Harjoitus 6", "Harjoitus 5\Harjoitus 6.csproj", "{A786A0B8-87D8-45A3-8244-6EAEDA7D5AD1}"
EndProject
Global
	GlobalSection(SolutionConfigurationPlatforms) = preSolution
		Debug|Any CPU = Debug|Any CPU
		Release|Any CPU = Release|Any CPU
	EndGlobalSection
	GlobalSection(ProjectConfigurationPlatforms) = postSolution
		{A786A0B8-87D8-45A3-8244-6EAEDA7D5AD1}.Debug|Any CPU.ActiveCfg = Debug|Any CPU
		{A786A0B8-87D8-45A3-8244-6EAEDA7D5AD1}.Debug|Any CPU.Build.0 = Debug|Any CPU
		{A786A0B8-87D8-45A3-8244-6EAEDA7D5AD1}.Release|Any CPU.ActiveCfg = Release|Any CPU
		{A786A0B8-87D8-45A3-8244-6EAEDA7D5AD1}.Release|Any CPU.Build.0 = Release|Any CPU
	EndGlobalSection
	GlobalSection(SolutionProperties) = preSolution
		HideSolutionNode = FALSE
	EndGlobalSection
	GlobalSection(ExtensibilityGlobals) = postSolution
		SolutionGuid = {6E44E601-BC82-4523-9434-68AEF9ACD188}
	EndGlobalSection
EndGlobal
